
Microsoft Visual Studio Solution File, Format Version 12.00
# Visual Studio Version 16
VisualStudioVersion = 16.0.29613.14
MinimumVisualStudioVersion = 10.0.40219.1
Project("{FAE04EC0-301F-11D3-BF4B-00C04F79EFBC}") = "Dio.Series", "Dio.Series\Dio.Series.csproj", "{372F9893-0A80-4CEB-B245-9B62C5662C0A}"
EndProject
Global
	GlobalSection(SolutionConfigurationPlatforms) = preSolution
		Debug|Any CPU = Debug|Any CPU
		Release|Any CPU = Release|Any CPU
	EndGlobalSection
	GlobalSection(ProjectConfigurationPlatforms) = postSolution
		{372F9893-0A80-4CEB-B245-9B62C5662C0A}.Debug|Any CPU.ActiveCfg = Debug|Any CPU
		{372F9893-0A80-4CEB-B245-9B62C5662C0A}.Debug|Any CPU.Build.0 = Debug|Any CPU
		{372F9893-0A80-4CEB-B245-9B62C5662C0A}.Release|Any CPU.ActiveCfg = Release|Any CPU
		{372F9893-0A80-4CEB-B245-9B62C5662C0A}.Release|Any CPU.Build.0 = Release|Any CPU
	EndGlobalSection
	GlobalSection(SolutionProperties) = preSolution
		HideSolutionNode = FALSE
	EndGlobalSection
	GlobalSection(ExtensibilityGlobals) = postSolution
		SolutionGuid = {1E7131AD-D2F2-4ECC-8609-59C8F1FB5801}
	EndGlobalSection
EndGlobal
